
Microsoft Visual Studio Solution File, Format Version 12.00
# Visual Studio Version 17
VisualStudioVersion = 17.8.34330.188
MinimumVisualStudioVersion = 10.0.40219.1
Project("{9A19103F-16F7-4668-BE54-9A1E7A4F7556}") = "CommonLib", "CommonLib\CommonLib.csproj", "{562F403B-CADB-470D-A109-7031C28F8C82}"
EndProject
Project("{9A19103F-16F7-4668-BE54-9A1E7A4F7556}") = "IncomingAppsService", "IncomingAppsService\IncomingAppsService.csproj", "{7E4904F1-6A66-4D0D-8FBB-FAC348182FCE}"
EndProject
Project("{9A19103F-16F7-4668-BE54-9A1E7A4F7556}") = "DataAccessWebService", "DataAccessWebService\DataAccessWebService.csproj", "{3F8E9E49-50D9-4DD9-BEC1-8D112BB306D8}"
EndProject
Project("{9A19103F-16F7-4668-BE54-9A1E7A4F7556}") = "NewAppPrepareService", "NewAppPrepareService\NewAppPrepareService.csproj", "{F1B66FF0-E1EC-4415-8889-F20BF394C04F}"
EndProject
Project("{9A19103F-16F7-4668-BE54-9A1E7A4F7556}") = "AdministratorService", "AdministratorService\AdministratorService.csproj", "{FB410E6B-0207-49CA-9474-C30342D6A5E0}"
EndProject
Project("{9A19103F-16F7-4668-BE54-9A1E7A4F7556}") = "DataAccessGrpcService", "DataAccessGrpcService\DataAccessGrpcService.csproj", "{C3EB971B-3014-4D69-9068-1F484B52F05C}"
EndProject
Project("{9A19103F-16F7-4668-BE54-9A1E7A4F7556}") = "StaffService", "StaffService\StaffService.csproj", "{02E039B4-ABF9-4CB6-A0F8-95DEF2876DDD}"
EndProject
Global
	GlobalSection(SolutionConfigurationPlatforms) = preSolution
		Debug|Any CPU = Debug|Any CPU
		Release|Any CPU = Release|Any CPU
	EndGlobalSection
	GlobalSection(ProjectConfigurationPlatforms) = postSolution
		{562F403B-CADB-470D-A109-7031C28F8C82}.Debug|Any CPU.ActiveCfg = Debug|Any CPU
		{562F403B-CADB-470D-A109-7031C28F8C82}.Debug|Any CPU.Build.0 = Debug|Any CPU
		{562F403B-CADB-470D-A109-7031C28F8C82}.Release|Any CPU.ActiveCfg = Release|Any CPU
		{562F403B-CADB-470D-A109-7031C28F8C82}.Release|Any CPU.Build.0 = Release|Any CPU
		{7E4904F1-6A66-4D0D-8FBB-FAC348182FCE}.Debug|Any CPU.ActiveCfg = Debug|Any CPU
		{7E4904F1-6A66-4D0D-8FBB-FAC348182FCE}.Debug|Any CPU.Build.0 = Debug|Any CPU
		{7E4904F1-6A66-4D0D-8FBB-FAC348182FCE}.Release|Any CPU.ActiveCfg = Release|Any CPU
		{7E4904F1-6A66-4D0D-8FBB-FAC348182FCE}.Release|Any CPU.Build.0 = Release|Any CPU
		{3F8E9E49-50D9-4DD9-BEC1-8D112BB306D8}.Debug|Any CPU.ActiveCfg = Debug|Any CPU
		{3F8E9E49-50D9-4DD9-BEC1-8D112BB306D8}.Debug|Any CPU.Build.0 = Debug|Any CPU
		{3F8E9E49-50D9-4DD9-BEC1-8D112BB306D8}.Release|Any CPU.ActiveCfg = Release|Any CPU
		{3F8E9E49-50D9-4DD9-BEC1-8D112BB306D8}.Release|Any CPU.Build.0 = Release|Any CPU
		{F1B66FF0-E1EC-4415-8889-F20BF394C04F}.Debug|Any CPU.ActiveCfg = Debug|Any CPU
		{F1B66FF0-E1EC-4415-8889-F20BF394C04F}.Debug|Any CPU.Build.0 = Debug|Any CPU
		{F1B66FF0-E1EC-4415-8889-F20BF394C04F}.Release|Any CPU.ActiveCfg = Release|Any CPU
		{F1B66FF0-E1EC-4415-8889-F20BF394C04F}.Release|Any CPU.Build.0 = Release|Any CPU
		{FB410E6B-0207-49CA-9474-C30342D6A5E0}.Debug|Any CPU.ActiveCfg = Debug|Any CPU
		{FB410E6B-0207-49CA-9474-C30342D6A5E0}.Debug|Any CPU.Build.0 = Debug|Any CPU
		{FB410E6B-0207-49CA-9474-C30342D6A5E0}.Release|Any CPU.ActiveCfg = Release|Any CPU
		{FB410E6B-0207-49CA-9474-C30342D6A5E0}.Release|Any CPU.Build.0 = Release|Any CPU
		{C3EB971B-3014-4D69-9068-1F484B52F05C}.Debug|Any CPU.ActiveCfg = Debug|Any CPU
		{C3EB971B-3014-4D69-9068-1F484B52F05C}.Debug|Any CPU.Build.0 = Debug|Any CPU
		{C3EB971B-3014-4D69-9068-1F484B52F05C}.Release|Any CPU.ActiveCfg = Release|Any CPU
		{C3EB971B-3014-4D69-9068-1F484B52F05C}.Release|Any CPU.Build.0 = Release|Any CPU
		{02E039B4-ABF9-4CB6-A0F8-95DEF2876DDD}.Debug|Any CPU.ActiveCfg = Debug|Any CPU
		{02E039B4-ABF9-4CB6-A0F8-95DEF2876DDD}.Debug|Any CPU.Build.0 = Debug|Any CPU
		{02E039B4-ABF9-4CB6-A0F8-95DEF2876DDD}.Release|Any CPU.ActiveCfg = Release|Any CPU
		{02E039B4-ABF9-4CB6-A0F8-95DEF2876DDD}.Release|Any CPU.Build.0 = Release|Any CPU
	EndGlobalSection
	GlobalSection(SolutionProperties) = preSolution
		HideSolutionNode = FALSE
	EndGlobalSection
	GlobalSection(ExtensibilityGlobals) = postSolution
		SolutionGuid = {1F240F75-3B5F-435E-810B-191F395B00DA}
	EndGlobalSection
EndGlobal
